
Microsoft Visual Studio Solution File, Format Version 12.00
# Visual Studio Version 16
VisualStudioVersion = 16.0.31205.134
MinimumVisualStudioVersion = 10.0.40219.1
Project("{9A19103F-16F7-4668-BE54-9A1E7A4F7556}") = "IncMediaBackgroundService", "IncMediaBackgroundService.csproj", "{DDA128A5-900E-4A31-9464-5C391BF4AACB}"
EndProject
Project("{FAE04EC0-301F-11D3-BF4B-00C04F79EFBC}") = "IncMediaBackgroundService.Interop", "..\IncMediaBackgroundService.Interop\IncMediaBackgroundService.Interop.csproj", "{4DE884E1-A813-4FC4-8DB0-642C5E010A6A}"
EndProject
Global
	GlobalSection(SolutionConfigurationPlatforms) = preSolution
		Debug|Any CPU = Debug|Any CPU
		Release|Any CPU = Release|Any CPU
	EndGlobalSection
	GlobalSection(ProjectConfigurationPlatforms) = postSolution
		{DDA128A5-900E-4A31-9464-5C391BF4AACB}.Debug|Any CPU.ActiveCfg = Debug|Any CPU
		{DDA128A5-900E-4A31-9464-5C391BF4AACB}.Debug|Any CPU.Build.0 = Debug|Any CPU
		{DDA128A5-900E-4A31-9464-5C391BF4AACB}.Release|Any CPU.ActiveCfg = Release|Any CPU
		{DDA128A5-900E-4A31-9464-5C391BF4AACB}.Release|Any CPU.Build.0 = Release|Any CPU
		{4DE884E1-A813-4FC4-8DB0-642C5E010A6A}.Debug|Any CPU.ActiveCfg = Debug|Any CPU
		{4DE884E1-A813-4FC4-8DB0-642C5E010A6A}.Debug|Any CPU.Build.0 = Debug|Any CPU
		{4DE884E1-A813-4FC4-8DB0-642C5E010A6A}.Release|Any CPU.ActiveCfg = Release|Any CPU
		{4DE884E1-A813-4FC4-8DB0-642C5E010A6A}.Release|Any CPU.Build.0 = Release|Any CPU
	EndGlobalSection
	GlobalSection(SolutionProperties) = preSolution
		HideSolutionNode = FALSE
	EndGlobalSection
	GlobalSection(ExtensibilityGlobals) = postSolution
		SolutionGuid = {BD5C7365-F173-4A3B-920F-97C65F4BFB7B}
	EndGlobalSection
EndGlobal
